schema: '2.0'
stages:
  weld:
    cmd: "python dataset/weld.py --label_dir IQIdata/ori/label --img_dir IQIdata/ori/img
      --out_dir IQIdata/processed --val_ratio 0.1 --seed 0 --angle_thresh 50\n"
    deps:
    - path: IQIdata/ori/img
      hash: md5
      md5: ea3f1fd9146ac77104f6c546e77bc006.dir
      size: 600913307
      nfiles: 511
    - path: IQIdata/ori/label
      hash: md5
      md5: dfc6a5526f02d9a857a765bb94f9935b.dir
      size: 253857156
      nfiles: 454
    - path: dataset/weld.py
      hash: md5
      md5: 12482e69587d77a5e197e08730f21bb2
      size: 12945
    outs:
    - path: IQIdata/processed
      hash: md5
      md5: 123916e68432e9ed5cd9d8adcccd7b14.dir
      size: 249711154
      nfiles: 3928
  train:
    cmd: "python train.py -d 0 -i HR config/fclip_HR.yaml --datadir IQIdata/processed
      --logdir logs/IQI --run_name HR_exp_enhance_singlechannel_oriloss --batch_size
      16 --eval_batch_size 2 --lr 0.004 --max_epoch 220 --metrics_path metrics/HR_exp1.json\n"
    deps:
    - path: FClip
      hash: md5
      md5: c702647d7b3634cbc6a15e31294daea3.dir
      size: 378074
      nfiles: 35
    - path: IQIdata/processed
      hash: md5
      md5: 123916e68432e9ed5cd9d8adcccd7b14.dir
      size: 249711154
      nfiles: 3928
    - path: config/fclip_HR.yaml
      hash: md5
      md5: 1a9ee8b7abbe0e5760b064e3d08df314
      size: 398
    - path: train.py
      hash: md5
      md5: 61d31df546e15c55572154519ac88297
      size: 7229
    outs:
    - path: 
        logs/IQI/HR_exp_enhance_singlechannel_oriloss/checkpoint_best.pth.tar
      hash: md5
      md5: fe786946d3611121174aa15840ed2ed1
      size: 458646927
    - path: 
        logs/IQI/HR_exp_enhance_singlechannel_oriloss/checkpoint_lastest.pth.tar
      hash: md5
      md5: 1f8664d3b87690fc0f275556044ab006
      size: 458646927
    - path: logs/IQI/HR_exp_enhance_singlechannel_oriloss/config.yaml
      hash: md5
      md5: caf1070f18dacadbef10543f7202cb31
      size: 1129
    - path: logs/IQI/HR_exp_enhance_singlechannel_oriloss/loss.csv
      hash: md5
      md5: 2d6b6ef3f023db26f5010c6570f871a6
      size: 467
    - path: logs/IQI/HR_exp_enhance_singlechannel_oriloss/train_loss.csv
      hash: md5
      md5: 163b1147abb8d47223c1830d43f19c88
      size: 396
    - path: metrics/HR_exp1.json
      hash: md5
      md5: 0fbde53237dbd9ff3ca575f62c81a1fa
      size: 51
